{
  "name": "tstyche-starter",
  "version": "1.0.0",
  "lockfileVersion": 3,
  "requires": true,
  "packages": {
    "": {
      "name": "tstyche-starter",
      "version": "1.0.0",
      "license": "MIT",
      "devDependencies": {
        "tstyche": "^6.0.3",
        "typescript": "^5.9.3"
      }
    },
    "node_modules/tstyche": {
      "version": "6.0.3",
      "resolved": "https://registry.npmjs.org/tstyche/-/tstyche-6.0.3.tgz",
      "integrity": "sha512-yyY2vtB4jUic62ANaCj/SvEvnxRXNpda9kecETdzhEIs3Nvkh7TJ3Vj2jppTHu7jd6BYUjIj49Q5kOTJmKXzbg==",
      "dev": true,
      "license": "MIT",
      "bin": {
        "tstyche": "dist/bin.js"
      },
      "engines": {
        "node": ">=22.12"
      },
      "funding": {
        "url": "https://github.com/tstyche/tstyche?sponsor=1"
      },
      "peerDependencies": {
        "typescript": ">=5.4"
      },
      "peerDependenciesMeta": {
        "typescript": {
          "optional": true
        }
      }
    },
    "node_modules/typescript": {
      "version": "5.9.3",
      "resolved": "https://registry.npmjs.org/typescript/-/typescript-5.9.3.tgz",
      "integrity": "sha512-jl1vZzPDinLr9eUt3J/t7V6FgNEw9QjvBPdysz9KfQDD41fQrC2Y4vKQdiaUpFT4bXlb1RHhLpp8wtm6M5TgSw==",
      "dev": true,
      "license": "Apache-2.0",
      "peer": true,
      "bin": {
        "tsc": "bin/tsc",
        "tsserver": "bin/tsserver"
      },
      "engines": {
        "node": ">=14.17"
      }
    }
  }
}
