{
  "name": "tstyche-starter",
  "version": "1.0.0",
  "lockfileVersion": 3,
  "requires": true,
  "packages": {
    "": {
      "name": "tstyche-starter",
      "version": "1.0.0",
      "license": "MIT",
      "devDependencies": {
        "tstyche": "^7.0.0",
        "typescript": "^6.0.2"
      }
    },
    "node_modules/tstyche": {
      "version": "7.1.0",
      "resolved": "https://registry.npmjs.org/tstyche/-/tstyche-7.1.0.tgz",
      "integrity": "sha512-Ar03KIab85QcPzMRIBrLGqpaKYsnNTbEhhC+wsEGrerSaaLfBDNFDcLtoxEMJHAO/ssjeApAFkjRKUjfxUx4EQ==",
      "dev": true,
      "license": "MIT",
      "bin": {
        "tstyche": "dist/bin.js"
      },
      "engines": {
        "node": ">=22.12"
      },
      "funding": {
        "url": "https://github.com/tstyche/tstyche?sponsor=1"
      },
      "peerDependencies": {
        "typescript": ">=5.4"
      },
      "peerDependenciesMeta": {
        "typescript": {
          "optional": true
        }
      }
    },
    "node_modules/typescript": {
      "version": "6.0.3",
      "resolved": "https://registry.npmjs.org/typescript/-/typescript-6.0.3.tgz",
      "integrity": "sha512-y2TvuxSZPDyQakkFRPZHKFm+KKVqIisdg9/CZwm9ftvKXLP8NRWj38/ODjNbr43SsoXqNuAisEf1GdCxqWcdBw==",
      "dev": true,
      "license": "Apache-2.0",
      "bin": {
        "tsc": "bin/tsc",
        "tsserver": "bin/tsserver"
      },
      "engines": {
        "node": ">=14.17"
      }
    }
  }
}
